
Microsoft Visual Studio Solution File, Format Version 12.00
# Visual Studio Version 16
VisualStudioVersion = 16.0.30114.105
MinimumVisualStudioVersion = 10.0.40219.1
Project("{9A19103F-16F7-4668-BE54-9A1E7A4F7556}") = "NPCS", "NPCS\NPCS.csproj", "{A1B850B1-7C12-4719-863B-29325E5E710E}"
EndProject
Project("{9A19103F-16F7-4668-BE54-9A1E7A4F7556}") = "EndConditionsCompatModule", "CompatModules\EndConditionsCompatModule\EndConditionsCompatModule\EndConditionsCompatModule.csproj", "{A809EBBA-7882-468B-A5B6-23C04CAC5527}"
EndProject
Project("{9A19103F-16F7-4668-BE54-9A1E7A4F7556}") = "Stalky106CompatModule", "CompatModules\Stalky106CompatModule\Stalky106CompatModule\Stalky106CompatModule.csproj", "{020F5135-ACA6-4EB2-B3DD-F4EF624302D9}"
EndProject
Global
	GlobalSection(SolutionConfigurationPlatforms) = preSolution
		Debug|Any CPU = Debug|Any CPU
		Release|Any CPU = Release|Any CPU
	EndGlobalSection
	GlobalSection(ProjectConfigurationPlatforms) = postSolution
		{A1B850B1-7C12-4719-863B-29325E5E710E}.Debug|Any CPU.ActiveCfg = Debug|Any CPU
		{A1B850B1-7C12-4719-863B-29325E5E710E}.Debug|Any CPU.Build.0 = Debug|Any CPU
		{A1B850B1-7C12-4719-863B-29325E5E710E}.Release|Any CPU.ActiveCfg = Release|Any CPU
		{A1B850B1-7C12-4719-863B-29325E5E710E}.Release|Any CPU.Build.0 = Release|Any CPU
		{A809EBBA-7882-468B-A5B6-23C04CAC5527}.Debug|Any CPU.ActiveCfg = Debug|Any CPU
		{A809EBBA-7882-468B-A5B6-23C04CAC5527}.Debug|Any CPU.Build.0 = Debug|Any CPU
		{A809EBBA-7882-468B-A5B6-23C04CAC5527}.Release|Any CPU.ActiveCfg = Release|Any CPU
		{A809EBBA-7882-468B-A5B6-23C04CAC5527}.Release|Any CPU.Build.0 = Release|Any CPU
		{020F5135-ACA6-4EB2-B3DD-F4EF624302D9}.Debug|Any CPU.ActiveCfg = Debug|Any CPU
		{020F5135-ACA6-4EB2-B3DD-F4EF624302D9}.Debug|Any CPU.Build.0 = Debug|Any CPU
		{020F5135-ACA6-4EB2-B3DD-F4EF624302D9}.Release|Any CPU.ActiveCfg = Release|Any CPU
		{020F5135-ACA6-4EB2-B3DD-F4EF624302D9}.Release|Any CPU.Build.0 = Release|Any CPU
	EndGlobalSection
	GlobalSection(SolutionProperties) = preSolution
		HideSolutionNode = FALSE
	EndGlobalSection
	GlobalSection(ExtensibilityGlobals) = postSolution
		SolutionGuid = {EAC73A87-1A85-4EBE-9F1F-7338A7A76570}
	EndGlobalSection
EndGlobal
